
Microsoft Visual Studio Solution File, Format Version 12.00
# Visual Studio 15
VisualStudioVersion = 15.0.26124.0
MinimumVisualStudioVersion = 15.0.26124.0
Project("{2150E333-8FDC-42A3-9474-1A3956D46DE8}") = "src", "src", "{AC76C2C2-F25C-4163-8CF8-97E0B92FC5BC}"
EndProject
Project("{9A19103F-16F7-4668-BE54-9A1E7A4F7556}") = "Ithome.IronMan.Example", "src\Ithome.IronMan.Example\Ithome.IronMan.Example.csproj", "{D83C11F8-7C03-4661-8DBC-425B8A73C4D2}"
EndProject
Project("{9A19103F-16F7-4668-BE54-9A1E7A4F7556}") = "Ithome.IronMan.Example.Extensions", "src\Ithome.IronMan.Example.Extensions\Ithome.IronMan.Example.Extensions.csproj", "{FA4BC9C4-CE21-447A-9DEE-93D4DB5099F8}"
EndProject
Project("{2150E333-8FDC-42A3-9474-1A3956D46DE8}") = "test", "test", "{666451D4-8CFC-40CE-920A-F1C58BBFAB61}"
EndProject
Project("{9A19103F-16F7-4668-BE54-9A1E7A4F7556}") = "Ithome.IronMan.Example.Extensions.Tests", "test\Ithome.IronMan.Example.Extensions.Tests\Ithome.IronMan.Example.Extensions.Tests.csproj", "{9A0117FC-D8C0-4A39-8FFB-5D4A02C92279}"
EndProject
Project("{9A19103F-16F7-4668-BE54-9A1E7A4F7556}") = "Ithome.IronMan.Example.Tests", "test\Ithome.IronMan.Example.Tests\Ithome.IronMan.Example.Tests.csproj", "{9D598B98-A91D-4D67-A951-0E95F84369C2}"
EndProject
Project("{FAE04EC0-301F-11D3-BF4B-00C04F79EFBC}") = "Ithome.IronMan.Example.Plugins.Tests", "test\Ithome.IronMan.Example.Plugins.Tests\Ithome.IronMan.Example.Plugins.Tests.csproj", "{6A17A464-883E-49C9-93E8-F3B4F64980CC}"
EndProject
Project("{9A19103F-16F7-4668-BE54-9A1E7A4F7556}") = "Ithome.IronMan.Example.Plugins", "src\Ithome.IronMan.Example.Plugins\Ithome.IronMan.Example.Plugins.csproj", "{F4E01840-05C5-4E79-8EB9-A1E42F33FECC}"
EndProject
Global
	GlobalSection(SolutionConfigurationPlatforms) = preSolution
		Debug|Any CPU = Debug|Any CPU
		Debug|x64 = Debug|x64
		Debug|x86 = Debug|x86
		Release|Any CPU = Release|Any CPU
		Release|x64 = Release|x64
		Release|x86 = Release|x86
	EndGlobalSection
	GlobalSection(ProjectConfigurationPlatforms) = postSolution
		{D83C11F8-7C03-4661-8DBC-425B8A73C4D2}.Debug|Any CPU.ActiveCfg = Debug|Any CPU
		{D83C11F8-7C03-4661-8DBC-425B8A73C4D2}.Debug|Any CPU.Build.0 = Debug|Any CPU
		{D83C11F8-7C03-4661-8DBC-425B8A73C4D2}.Debug|x64.ActiveCfg = Debug|Any CPU
		{D83C11F8-7C03-4661-8DBC-425B8A73C4D2}.Debug|x64.Build.0 = Debug|Any CPU
		{D83C11F8-7C03-4661-8DBC-425B8A73C4D2}.Debug|x86.ActiveCfg = Debug|Any CPU
		{D83C11F8-7C03-4661-8DBC-425B8A73C4D2}.Debug|x86.Build.0 = Debug|Any CPU
		{D83C11F8-7C03-4661-8DBC-425B8A73C4D2}.Release|Any CPU.ActiveCfg = Release|Any CPU
		{D83C11F8-7C03-4661-8DBC-425B8A73C4D2}.Release|Any CPU.Build.0 = Release|Any CPU
		{D83C11F8-7C03-4661-8DBC-425B8A73C4D2}.Release|x64.ActiveCfg = Release|Any CPU
		{D83C11F8-7C03-4661-8DBC-425B8A73C4D2}.Release|x64.Build.0 = Release|Any CPU
		{D83C11F8-7C03-4661-8DBC-425B8A73C4D2}.Release|x86.ActiveCfg = Release|Any CPU
		{D83C11F8-7C03-4661-8DBC-425B8A73C4D2}.Release|x86.Build.0 = Release|Any CPU
		{FA4BC9C4-CE21-447A-9DEE-93D4DB5099F8}.Debug|Any CPU.ActiveCfg = Debug|Any CPU
		{FA4BC9C4-CE21-447A-9DEE-93D4DB5099F8}.Debug|Any CPU.Build.0 = Debug|Any CPU
		{FA4BC9C4-CE21-447A-9DEE-93D4DB5099F8}.Debug|x64.ActiveCfg = Debug|Any CPU
		{FA4BC9C4-CE21-447A-9DEE-93D4DB5099F8}.Debug|x64.Build.0 = Debug|Any CPU
		{FA4BC9C4-CE21-447A-9DEE-93D4DB5099F8}.Debug|x86.ActiveCfg = Debug|Any CPU
		{FA4BC9C4-CE21-447A-9DEE-93D4DB5099F8}.Debug|x86.Build.0 = Debug|Any CPU
		{FA4BC9C4-CE21-447A-9DEE-93D4DB5099F8}.Release|Any CPU.ActiveCfg = Release|Any CPU
		{FA4BC9C4-CE21-447A-9DEE-93D4DB5099F8}.Release|Any CPU.Build.0 = Release|Any CPU
		{FA4BC9C4-CE21-447A-9DEE-93D4DB5099F8}.Release|x64.ActiveCfg = Release|Any CPU
		{FA4BC9C4-CE21-447A-9DEE-93D4DB5099F8}.Release|x64.Build.0 = Release|Any CPU
		{FA4BC9C4-CE21-447A-9DEE-93D4DB5099F8}.Release|x86.ActiveCfg = Release|Any CPU
		{FA4BC9C4-CE21-447A-9DEE-93D4DB5099F8}.Release|x86.Build.0 = Release|Any CPU
		{9A0117FC-D8C0-4A39-8FFB-5D4A02C92279}.Debug|Any CPU.ActiveCfg = Debug|Any CPU
		{9A0117FC-D8C0-4A39-8FFB-5D4A02C92279}.Debug|Any CPU.Build.0 = Debug|Any CPU
		{9A0117FC-D8C0-4A39-8FFB-5D4A02C92279}.Debug|x64.ActiveCfg = Debug|Any CPU
		{9A0117FC-D8C0-4A39-8FFB-5D4A02C92279}.Debug|x64.Build.0 = Debug|Any CPU
		{9A0117FC-D8C0-4A39-8FFB-5D4A02C92279}.Debug|x86.ActiveCfg = Debug|Any CPU
		{9A0117FC-D8C0-4A39-8FFB-5D4A02C92279}.Debug|x86.Build.0 = Debug|Any CPU
		{9A0117FC-D8C0-4A39-8FFB-5D4A02C92279}.Release|Any CPU.ActiveCfg = Release|Any CPU
		{9A0117FC-D8C0-4A39-8FFB-5D4A02C92279}.Release|Any CPU.Build.0 = Release|Any CPU
		{9A0117FC-D8C0-4A39-8FFB-5D4A02C92279}.Release|x64.ActiveCfg = Release|Any CPU
		{9A0117FC-D8C0-4A39-8FFB-5D4A02C92279}.Release|x64.Build.0 = Release|Any CPU
		{9A0117FC-D8C0-4A39-8FFB-5D4A02C92279}.Release|x86.ActiveCfg = Release|Any CPU
		{9A0117FC-D8C0-4A39-8FFB-5D4A02C92279}.Release|x86.Build.0 = Release|Any CPU
		{9D598B98-A91D-4D67-A951-0E95F84369C2}.Debug|Any CPU.ActiveCfg = Debug|Any CPU
		{9D598B98-A91D-4D67-A951-0E95F84369C2}.Debug|Any CPU.Build.0 = Debug|Any CPU
		{9D598B98-A91D-4D67-A951-0E95F84369C2}.Debug|x64.ActiveCfg = Debug|Any CPU
		{9D598B98-A91D-4D67-A951-0E95F84369C2}.Debug|x64.Build.0 = Debug|Any CPU
		{9D598B98-A91D-4D67-A951-0E95F84369C2}.Debug|x86.ActiveCfg = Debug|Any CPU
		{9D598B98-A91D-4D67-A951-0E95F84369C2}.Debug|x86.Build.0 = Debug|Any CPU
		{9D598B98-A91D-4D67-A951-0E95F84369C2}.Release|Any CPU.ActiveCfg = Release|Any CPU
		{9D598B98-A91D-4D67-A951-0E95F84369C2}.Release|Any CPU.Build.0 = Release|Any CPU
		{9D598B98-A91D-4D67-A951-0E95F84369C2}.Release|x64.ActiveCfg = Release|Any CPU
		{9D598B98-A91D-4D67-A951-0E95F84369C2}.Release|x64.Build.0 = Release|Any CPU
		{9D598B98-A91D-4D67-A951-0E95F84369C2}.Release|x86.ActiveCfg = Release|Any CPU
		{9D598B98-A91D-4D67-A951-0E95F84369C2}.Release|x86.Build.0 = Release|Any CPU
		{6A17A464-883E-49C9-93E8-F3B4F64980CC}.Debug|Any CPU.ActiveCfg = Debug|Any CPU
		{6A17A464-883E-49C9-93E8-F3B4F64980CC}.Debug|Any CPU.Build.0 = Debug|Any CPU
		{6A17A464-883E-49C9-93E8-F3B4F64980CC}.Debug|x64.ActiveCfg = Debug|Any CPU
		{6A17A464-883E-49C9-93E8-F3B4F64980CC}.Debug|x64.Build.0 = Debug|Any CPU
		{6A17A464-883E-49C9-93E8-F3B4F64980CC}.Debug|x86.ActiveCfg = Debug|Any CPU
		{6A17A464-883E-49C9-93E8-F3B4F64980CC}.Debug|x86.Build.0 = Debug|Any CPU
		{6A17A464-883E-49C9-93E8-F3B4F64980CC}.Release|Any CPU.ActiveCfg = Release|Any CPU
		{6A17A464-883E-49C9-93E8-F3B4F64980CC}.Release|Any CPU.Build.0 = Release|Any CPU
		{6A17A464-883E-49C9-93E8-F3B4F64980CC}.Release|x64.ActiveCfg = Release|Any CPU
		{6A17A464-883E-49C9-93E8-F3B4F64980CC}.Release|x64.Build.0 = Release|Any CPU
		{6A17A464-883E-49C9-93E8-F3B4F64980CC}.Release|x86.ActiveCfg = Release|Any CPU
		{6A17A464-883E-49C9-93E8-F3B4F64980CC}.Release|x86.Build.0 = Release|Any CPU
		{F4E01840-05C5-4E79-8EB9-A1E42F33FECC}.Debug|Any CPU.ActiveCfg = Debug|Any CPU
		{F4E01840-05C5-4E79-8EB9-A1E42F33FECC}.Debug|Any CPU.Build.0 = Debug|Any CPU
		{F4E01840-05C5-4E79-8EB9-A1E42F33FECC}.Debug|x64.ActiveCfg = Debug|Any CPU
		{F4E01840-05C5-4E79-8EB9-A1E42F33FECC}.Debug|x64.Build.0 = Debug|Any CPU
		{F4E01840-05C5-4E79-8EB9-A1E42F33FECC}.Debug|x86.ActiveCfg = Debug|Any CPU
		{F4E01840-05C5-4E79-8EB9-A1E42F33FECC}.Debug|x86.Build.0 = Debug|Any CPU
		{F4E01840-05C5-4E79-8EB9-A1E42F33FECC}.Release|Any CPU.ActiveCfg = Release|Any CPU
		{F4E01840-05C5-4E79-8EB9-A1E42F33FECC}.Release|Any CPU.Build.0 = Release|Any CPU
		{F4E01840-05C5-4E79-8EB9-A1E42F33FECC}.Release|x64.ActiveCfg = Release|Any CPU
		{F4E01840-05C5-4E79-8EB9-A1E42F33FECC}.Release|x64.Build.0 = Release|Any CPU
		{F4E01840-05C5-4E79-8EB9-A1E42F33FECC}.Release|x86.ActiveCfg = Release|Any CPU
		{F4E01840-05C5-4E79-8EB9-A1E42F33FECC}.Release|x86.Build.0 = Release|Any CPU
	EndGlobalSection
	GlobalSection(SolutionProperties) = preSolution
		HideSolutionNode = FALSE
	EndGlobalSection
	GlobalSection(NestedProjects) = preSolution
		{D83C11F8-7C03-4661-8DBC-425B8A73C4D2} = {AC76C2C2-F25C-4163-8CF8-97E0B92FC5BC}
		{FA4BC9C4-CE21-447A-9DEE-93D4DB5099F8} = {AC76C2C2-F25C-4163-8CF8-97E0B92FC5BC}
		{9A0117FC-D8C0-4A39-8FFB-5D4A02C92279} = {666451D4-8CFC-40CE-920A-F1C58BBFAB61}
		{9D598B98-A91D-4D67-A951-0E95F84369C2} = {666451D4-8CFC-40CE-920A-F1C58BBFAB61}
		{6A17A464-883E-49C9-93E8-F3B4F64980CC} = {666451D4-8CFC-40CE-920A-F1C58BBFAB61}
		{F4E01840-05C5-4E79-8EB9-A1E42F33FECC} = {AC76C2C2-F25C-4163-8CF8-97E0B92FC5BC}
	EndGlobalSection
	GlobalSection(ExtensibilityGlobals) = postSolution
		SolutionGuid = {A5A93D77-F52C-4011-90C2-DADD0EFCFB82}
	EndGlobalSection
EndGlobal
